// !$*UTF8*$!
{
	archiveVersion = 1;
	classes = {
	};
	objectVersion = 56;
	objects = {

/* Begin PBXBuildFile section */
		1500A6332A79679F00E37793 /* ProfileViewController.swift in Sources */ = {isa = PBXBuildFile; fileRef = 1500A6322A79679F00E37793 /* ProfileViewController.swift */; };
		1522F1532A7590BD00B71A17 /* AppDelegate.swift in Sources */ = {isa = PBXBuildFile; fileRef = 1522F1522A7590BD00B71A17 /* AppDelegate.swift */; };
		1522F1552A7590BD00B71A17 /* SceneDelegate.swift in Sources */ = {isa = PBXBuildFile; fileRef = 1522F1542A7590BD00B71A17 /* SceneDelegate.swift */; };
		1522F15A2A7590BD00B71A17 /* Main.storyboard in Resources */ = {isa = PBXBuildFile; fileRef = 1522F1582A7590BD00B71A17 /* Main.storyboard */; };
		1522F15C2A7590BE00B71A17 /* Assets.xcassets in Resources */ = {isa = PBXBuildFile; fileRef = 1522F15B2A7590BE00B71A17 /* Assets.xcassets */; };
		1522F15F2A7590BE00B71A17 /* LaunchScreen.storyboard in Resources */ = {isa = PBXBuildFile; fileRef = 1522F15D2A7590BE00B71A17 /* LaunchScreen.storyboard */; };
		1522F1672A75919100B71A17 /* ImagesListViewController.swift in Sources */ = {isa = PBXBuildFile; fileRef = 1522F1662A75919100B71A17 /* ImagesListViewController.swift */; };
		1522F1692A7591A100B71A17 /* ImagesListCell.swift in Sources */ = {isa = PBXBuildFile; fileRef = 1522F1682A7591A100B71A17 /* ImagesListCell.swift */; };
		1553A9472A7FF06100B7EF1B /* SingleImageViewController.swift in Sources */ = {isa = PBXBuildFile; fileRef = 1553A9462A7FF06100B7EF1B /* SingleImageViewController.swift */; };
		155ECF832AA64CD800DA569C /* RootNavigationController.swift in Sources */ = {isa = PBXBuildFile; fileRef = 155ECF822AA64CD800DA569C /* RootNavigationController.swift */; };
		1566490E2AB3883700D85000 /* PhotoResult.swift in Sources */ = {isa = PBXBuildFile; fileRef = 1566490D2AB3883700D85000 /* PhotoResult.swift */; };
		156649102AB3899A00D85000 /* Photo.swift in Sources */ = {isa = PBXBuildFile; fileRef = 1566490F2AB3899A00D85000 /* Photo.swift */; };
		157B30A32A8FA741002A7DDA /* Constans.swift in Sources */ = {isa = PBXBuildFile; fileRef = 157B30A22A8FA741002A7DDA /* Constans.swift */; };
		157B30A62A96108C002A7DDA /* AuthViewController.swift in Sources */ = {isa = PBXBuildFile; fileRef = 157B30A52A96108C002A7DDA /* AuthViewController.swift */; };
		157B30A82A9614A2002A7DDA /* WebViewViewController.swift in Sources */ = {isa = PBXBuildFile; fileRef = 157B30A72A9614A2002A7DDA /* WebViewViewController.swift */; };
		15BEE49D2AA75CBE00C77520 /* ProgressHUD in Frameworks */ = {isa = PBXBuildFile; productRef = 15BEE49C2AA75CBE00C77520 /* ProgressHUD */; };
		15BEE49F2AA7AC2900C77520 /* UIBlockingProgressHUD.swift in Sources */ = {isa = PBXBuildFile; fileRef = 15BEE49E2AA7AC2900C77520 /* UIBlockingProgressHUD.swift */; };
		15BEE4A22AA7ADC700C77520 /* ProfileService.swift in Sources */ = {isa = PBXBuildFile; fileRef = 15BEE4A12AA7ADC700C77520 /* ProfileService.swift */; };
		15CE26682A9FC55900641DE3 /* OAuth2Service.swift in Sources */ = {isa = PBXBuildFile; fileRef = 15CE26672A9FC55900641DE3 /* OAuth2Service.swift */; };
		15CE266A2A9FC5B300641DE3 /* OAuth2TokenStorage.swift in Sources */ = {isa = PBXBuildFile; fileRef = 15CE26692A9FC5B300641DE3 /* OAuth2TokenStorage.swift */; };
		15CE266D2A9FC79800641DE3 /* SplashViewController.swift in Sources */ = {isa = PBXBuildFile; fileRef = 15CE266C2A9FC79800641DE3 /* SplashViewController.swift */; };
		15CE266F2A9FC82800641DE3 /* AuthViewControllerDelegate.swift in Sources */ = {isa = PBXBuildFile; fileRef = 15CE266E2A9FC82800641DE3 /* AuthViewControllerDelegate.swift */; };
		15CE26732A9FC8CF00641DE3 /* OAuthTokenResponseBody.swift in Sources */ = {isa = PBXBuildFile; fileRef = 15CE26722A9FC8CF00641DE3 /* OAuthTokenResponseBody.swift */; };
		15CE26762A9FC97A00641DE3 /* URLRequestExtension.swift in Sources */ = {isa = PBXBuildFile; fileRef = 15CE26752A9FC97A00641DE3 /* URLRequestExtension.swift */; };
		15CE26782A9FC99700641DE3 /* URLSessionExtension.swift in Sources */ = {isa = PBXBuildFile; fileRef = 15CE26772A9FC99700641DE3 /* URLSessionExtension.swift */; };
		15FBAB6C2AA85C1000E62B16 /* ProfileImageService.swift in Sources */ = {isa = PBXBuildFile; fileRef = 15FBAB6B2AA85C1000E62B16 /* ProfileImageService.swift */; };
		15FBAB6E2AA85CF300E62B16 /* UserResult.swift in Sources */ = {isa = PBXBuildFile; fileRef = 15FBAB6D2AA85CF300E62B16 /* UserResult.swift */; };
		15FBAB722AA876D200E62B16 /* Kingfisher in Frameworks */ = {isa = PBXBuildFile; productRef = 15FBAB712AA876D200E62B16 /* Kingfisher */; };
		15FBAB752AA8842500E62B16 /* SwiftKeychainWrapper in Frameworks */ = {isa = PBXBuildFile; productRef = 15FBAB742AA8842500E62B16 /* SwiftKeychainWrapper */; };
		15FBAB7D2AA8864900E62B16 /* AlertPresenter.swift in Sources */ = {isa = PBXBuildFile; fileRef = 15FBAB7C2AA8864900E62B16 /* AlertPresenter.swift */; };
		15FBAB7F2AA8865C00E62B16 /* AlertPresenterProtocol.swift in Sources */ = {isa = PBXBuildFile; fileRef = 15FBAB7E2AA8865C00E62B16 /* AlertPresenterProtocol.swift */; };
		15FBAB812AA8866A00E62B16 /* AlertPresentableDelagate.swift in Sources */ = {isa = PBXBuildFile; fileRef = 15FBAB802AA8866A00E62B16 /* AlertPresentableDelagate.swift */; };
		15FBAB842AA8870A00E62B16 /* TabBarController.swift in Sources */ = {isa = PBXBuildFile; fileRef = 15FBAB832AA8870A00E62B16 /* TabBarController.swift */; };
		15FBAB862AA888D000E62B16 /* OAuth2TokenResponseBody.swift in Sources */ = {isa = PBXBuildFile; fileRef = 15FBAB852AA888D000E62B16 /* OAuth2TokenResponseBody.swift */; };
		15FBAB882AA88A0C00E62B16 /* WebViewViewControllerDelegate.swift in Sources */ = {isa = PBXBuildFile; fileRef = 15FBAB872AA88A0C00E62B16 /* WebViewViewControllerDelegate.swift */; };
		15FBAB8A2AA88A7700E62B16 /* AlertModel.swift in Sources */ = {isa = PBXBuildFile; fileRef = 15FBAB892AA88A7700E62B16 /* AlertModel.swift */; };
		15FBAB8C2AA88AC900E62B16 /* UIColor.swift in Sources */ = {isa = PBXBuildFile; fileRef = 15FBAB8B2AA88AC900E62B16 /* UIColor.swift */; };
		15FBAB8E2AA88AEE00E62B16 /* UIAplicationExtensions.swift in Sources */ = {isa = PBXBuildFile; fileRef = 15FBAB8D2AA88AEE00E62B16 /* UIAplicationExtensions.swift */; };
/* End PBXBuildFile section */

/* Begin PBXFileReference section */
		1500A6322A79679F00E37793 /* ProfileViewController.swift */ = {isa = PBXFileReference; lastKnownFileType = sourcecode.swift; path = ProfileViewController.swift; sourceTree = "<group>"; };
		1522F14F2A7590BD00B71A17 /* ImageFeed.app */ = {isa = PBXFileReference; explicitFileType = wrapper.application; includeInIndex = 0; path = ImageFeed.app; sourceTree = BUILT_PRODUCTS_DIR; };
		1522F1522A7590BD00B71A17 /* AppDelegate.swift */ = {isa = PBXFileReference; lastKnownFileType = sourcecode.swift; path = AppDelegate.swift; sourceTree = "<group>"; };
		1522F1542A7590BD00B71A17 /* SceneDelegate.swift */ = {isa = PBXFileReference; lastKnownFileType = sourcecode.swift; path = SceneDelegate.swift; sourceTree = "<group>"; };
		1522F1592A7590BD00B71A17 /* Base */ = {isa = PBXFileReference; lastKnownFileType = file.storyboard; name = Base; path = Base.lproj/Main.storyboard; sourceTree = "<group>"; };
		1522F15B2A7590BE00B71A17 /* Assets.xcassets */ = {isa = PBXFileReference; lastKnownFileType = folder.assetcatalog; path = Assets.xcassets; sourceTree = "<group>"; };
		1522F15E2A7590BE00B71A17 /* Base */ = {isa = PBXFileReference; lastKnownFileType = file.storyboard; name = Base; path = Base.lproj/LaunchScreen.storyboard; sourceTree = "<group>"; };
		1522F1602A7590BE00B71A17 /* Info.plist */ = {isa = PBXFileReference; lastKnownFileType = text.plist.xml; path = Info.plist; sourceTree = "<group>"; };
		1522F1662A75919100B71A17 /* ImagesListViewController.swift */ = {isa = PBXFileReference; lastKnownFileType = sourcecode.swift; path = ImagesListViewController.swift; sourceTree = "<group>"; };
		1522F1682A7591A100B71A17 /* ImagesListCell.swift */ = {isa = PBXFileReference; lastKnownFileType = sourcecode.swift; path = ImagesListCell.swift; sourceTree = "<group>"; };
		1553A9462A7FF06100B7EF1B /* SingleImageViewController.swift */ = {isa = PBXFileReference; lastKnownFileType = sourcecode.swift; path = SingleImageViewController.swift; sourceTree = "<group>"; };
		155ECF822AA64CD800DA569C /* RootNavigationController.swift */ = {isa = PBXFileReference; lastKnownFileType = sourcecode.swift; path = RootNavigationController.swift; sourceTree = "<group>"; };
		1566490D2AB3883700D85000 /* PhotoResult.swift */ = {isa = PBXFileReference; lastKnownFileType = sourcecode.swift; path = PhotoResult.swift; sourceTree = "<group>"; };
		1566490F2AB3899A00D85000 /* Photo.swift */ = {isa = PBXFileReference; lastKnownFileType = sourcecode.swift; path = Photo.swift; sourceTree = "<group>"; };
		157B30A22A8FA741002A7DDA /* Constans.swift */ = {isa = PBXFileReference; lastKnownFileType = sourcecode.swift; path = Constans.swift; sourceTree = "<group>"; };
		157B30A52A96108C002A7DDA /* AuthViewController.swift */ = {isa = PBXFileReference; lastKnownFileType = sourcecode.swift; path = AuthViewController.swift; sourceTree = "<group>"; };
		157B30A72A9614A2002A7DDA /* WebViewViewController.swift */ = {isa = PBXFileReference; lastKnownFileType = sourcecode.swift; path = WebViewViewController.swift; sourceTree = "<group>"; };
		15BEE49E2AA7AC2900C77520 /* UIBlockingProgressHUD.swift */ = {isa = PBXFileReference; lastKnownFileType = sourcecode.swift; path = UIBlockingProgressHUD.swift; sourceTree = "<group>"; };
		15BEE4A12AA7ADC700C77520 /* ProfileService.swift */ = {isa = PBXFileReference; lastKnownFileType = sourcecode.swift; path = ProfileService.swift; sourceTree = "<group>"; };
		15CE26672A9FC55900641DE3 /* OAuth2Service.swift */ = {isa = PBXFileReference; lastKnownFileType = sourcecode.swift; path = OAuth2Service.swift; sourceTree = "<group>"; };
		15CE26692A9FC5B300641DE3 /* OAuth2TokenStorage.swift */ = {isa = PBXFileReference; lastKnownFileType = sourcecode.swift; path = OAuth2TokenStorage.swift; sourceTree = "<group>"; };
		15CE266C2A9FC79800641DE3 /* SplashViewController.swift */ = {isa = PBXFileReference; lastKnownFileType = sourcecode.swift; path = SplashViewController.swift; sourceTree = "<group>"; };
		15CE266E2A9FC82800641DE3 /* AuthViewControllerDelegate.swift */ = {isa = PBXFileReference; lastKnownFileType = sourcecode.swift; path = AuthViewControllerDelegate.swift; sourceTree = "<group>"; };
		15CE26722A9FC8CF00641DE3 /* OAuthTokenResponseBody.swift */ = {isa = PBXFileReference; lastKnownFileType = sourcecode.swift; path = OAuthTokenResponseBody.swift; sourceTree = "<group>"; };
		15CE26752A9FC97A00641DE3 /* URLRequestExtension.swift */ = {isa = PBXFileReference; lastKnownFileType = sourcecode.swift; path = URLRequestExtension.swift; sourceTree = "<group>"; };
		15CE26772A9FC99700641DE3 /* URLSessionExtension.swift */ = {isa = PBXFileReference; lastKnownFileType = sourcecode.swift; path = URLSessionExtension.swift; sourceTree = "<group>"; };
		15FBAB6B2AA85C1000E62B16 /* ProfileImageService.swift */ = {isa = PBXFileReference; lastKnownFileType = sourcecode.swift; path = ProfileImageService.swift; sourceTree = "<group>"; };
		15FBAB6D2AA85CF300E62B16 /* UserResult.swift */ = {isa = PBXFileReference; lastKnownFileType = sourcecode.swift; path = UserResult.swift; sourceTree = "<group>"; };
		15FBAB7C2AA8864900E62B16 /* AlertPresenter.swift */ = {isa = PBXFileReference; lastKnownFileType = sourcecode.swift; path = AlertPresenter.swift; sourceTree = "<group>"; };
		15FBAB7E2AA8865C00E62B16 /* AlertPresenterProtocol.swift */ = {isa = PBXFileReference; lastKnownFileType = sourcecode.swift; path = AlertPresenterProtocol.swift; sourceTree = "<group>"; };
		15FBAB802AA8866A00E62B16 /* AlertPresentableDelagate.swift */ = {isa = PBXFileReference; lastKnownFileType = sourcecode.swift; path = AlertPresentableDelagate.swift; sourceTree = "<group>"; };
		15FBAB832AA8870A00E62B16 /* TabBarController.swift */ = {isa = PBXFileReference; lastKnownFileType = sourcecode.swift; path = TabBarController.swift; sourceTree = "<group>"; };
		15FBAB852AA888D000E62B16 /* OAuth2TokenResponseBody.swift */ = {isa = PBXFileReference; lastKnownFileType = sourcecode.swift; path = OAuth2TokenResponseBody.swift; sourceTree = "<group>"; };
		15FBAB872AA88A0C00E62B16 /* WebViewViewControllerDelegate.swift */ = {isa = PBXFileReference; lastKnownFileType = sourcecode.swift; path = WebViewViewControllerDelegate.swift; sourceTree = "<group>"; };
		15FBAB892AA88A7700E62B16 /* AlertModel.swift */ = {isa = PBXFileReference; lastKnownFileType = sourcecode.swift; path = AlertModel.swift; sourceTree = "<group>"; };
		15FBAB8B2AA88AC900E62B16 /* UIColor.swift */ = {isa = PBXFileReference; lastKnownFileType = sourcecode.swift; path = UIColor.swift; sourceTree = "<group>"; };
		15FBAB8D2AA88AEE00E62B16 /* UIAplicationExtensions.swift */ = {isa = PBXFileReference; lastKnownFileType = sourcecode.swift; path = UIAplicationExtensions.swift; sourceTree = "<group>"; };
/* End PBXFileReference section */

/* Begin PBXFrameworksBuildPhase section */
		1522F14C2A7590BD00B71A17 /* Frameworks */ = {
			isa = PBXFrameworksBuildPhase;
			buildActionMask = 2147483647;
			files = (
				15FBAB722AA876D200E62B16 /* Kingfisher in Frameworks */,
				15BEE49D2AA75CBE00C77520 /* ProgressHUD in Frameworks */,
				15FBAB752AA8842500E62B16 /* SwiftKeychainWrapper in Frameworks */,
			);
			runOnlyForDeploymentPostprocessing = 0;
		};
/* End PBXFrameworksBuildPhase section */

/* Begin PBXGroup section */
		1500A6342A7967BB00E37793 /* Profile */ = {
			isa = PBXGroup;
			children = (
				15FBAB7B2AA885E200E62B16 /* Aalert */,
				1500A63B2A7979DF00E37793 /* ImagesList */,
				15CE26662A9FC51E00641DE3 /* OAuth2 */,
				15CE266B2A9FC77B00641DE3 /* SplashViewController */,
				15DA3B012A818A71001F49CD /* SingleImageViewController */,
				15CE26742A9FC96200641DE3 /* AnyHelps */,
			);
			path = Profile;
			sourceTree = "<group>";
		};
		1500A63B2A7979DF00E37793 /* ImagesList */ = {
			isa = PBXGroup;
			children = (
				1522F1662A75919100B71A17 /* ImagesListViewController.swift */,
				1522F1682A7591A100B71A17 /* ImagesListCell.swift */,
			);
			path = ImagesList;
			sourceTree = "<group>";
		};
		1522F1462A7590BD00B71A17 = {
			isa = PBXGroup;
			children = (
				1522F1512A7590BD00B71A17 /* ImageFeed */,
				1522F1502A7590BD00B71A17 /* Products */,
			);
			sourceTree = "<group>";
		};
		1522F1502A7590BD00B71A17 /* Products */ = {
			isa = PBXGroup;
			children = (
				1522F14F2A7590BD00B71A17 /* ImageFeed.app */,
			);
			name = Products;
			sourceTree = "<group>";
		};
		1522F1512A7590BD00B71A17 /* ImageFeed */ = {
			isa = PBXGroup;
			children = (
				1522F1522A7590BD00B71A17 /* AppDelegate.swift */,
				1522F1542A7590BD00B71A17 /* SceneDelegate.swift */,
				157B30A42A961063002A7DDA /* Auth */,
				155ECF822AA64CD800DA569C /* RootNavigationController.swift */,
				157B30A52A96108C002A7DDA /* AuthViewController.swift */,
				157B30A72A9614A2002A7DDA /* WebViewViewController.swift */,
				15CE266E2A9FC82800641DE3 /* AuthViewControllerDelegate.swift */,
				15FBAB872AA88A0C00E62B16 /* WebViewViewControllerDelegate.swift */,
				15B811762AA8986C000F662C /* API */,
				1500A6342A7967BB00E37793 /* Profile */,
				1522F1582A7590BD00B71A17 /* Main.storyboard */,
				1522F15B2A7590BE00B71A17 /* Assets.xcassets */,
				1522F15D2A7590BE00B71A17 /* LaunchScreen.storyboard */,
				1522F1602A7590BE00B71A17 /* Info.plist */,
			);
			path = ImageFeed;
			sourceTree = "<group>";
		};
		1566490C2AB3881600D85000 /* Struct */ = {
			isa = PBXGroup;
			children = (
				1566490D2AB3883700D85000 /* PhotoResult.swift */,
				1566490F2AB3899A00D85000 /* Photo.swift */,
			);
			path = Struct;
			sourceTree = "<group>";
		};
		157B30A42A961063002A7DDA /* Auth */ = {
			isa = PBXGroup;
			children = (
			);
			path = Auth;
			sourceTree = "<group>";
		};
		15B811762AA8986C000F662C /* API */ = {
			isa = PBXGroup;
			children = (
				157B30A22A8FA741002A7DDA /* Constans.swift */,
			);
			path = API;
			sourceTree = "<group>";
		};
		15BEE4A02AA7ADB500C77520 /* Profile */ = {
			isa = PBXGroup;
			children = (
				1500A6322A79679F00E37793 /* ProfileViewController.swift */,
				15BEE4A12AA7ADC700C77520 /* ProfileService.swift */,
				15FBAB6B2AA85C1000E62B16 /* ProfileImageService.swift */,
				15FBAB822AA886EC00E62B16 /* TabBarView */,
			);
			path = Profile;
			sourceTree = "<group>";
		};
		15CE26662A9FC51E00641DE3 /* OAuth2 */ = {
			isa = PBXGroup;
			children = (
				15CE26672A9FC55900641DE3 /* OAuth2Service.swift */,
				15CE26692A9FC5B300641DE3 /* OAuth2TokenStorage.swift */,
				15FBAB852AA888D000E62B16 /* OAuth2TokenResponseBody.swift */,
				15CE26722A9FC8CF00641DE3 /* OAuthTokenResponseBody.swift */,
			);
			path = OAuth2;
			sourceTree = "<group>";
		};
		15CE266B2A9FC77B00641DE3 /* SplashViewController */ = {
			isa = PBXGroup;
			children = (
				15CE266C2A9FC79800641DE3 /* SplashViewController.swift */,
			);
			path = SplashViewController;
			sourceTree = "<group>";
		};
		15CE26742A9FC96200641DE3 /* AnyHelps */ = {
			isa = PBXGroup;
			children = (
				15CE26752A9FC97A00641DE3 /* URLRequestExtension.swift */,
				15CE26772A9FC99700641DE3 /* URLSessionExtension.swift */,
				15BEE49E2AA7AC2900C77520 /* UIBlockingProgressHUD.swift */,
				15FBAB6D2AA85CF300E62B16 /* UserResult.swift */,
				15FBAB8B2AA88AC900E62B16 /* UIColor.swift */,
				15FBAB8D2AA88AEE00E62B16 /* UIAplicationExtensions.swift */,
				15BEE4A02AA7ADB500C77520 /* Profile */,
			);
			path = AnyHelps;
			sourceTree = "<group>";
		};
		15DA3B012A818A71001F49CD /* SingleImageViewController */ = {
			isa = PBXGroup;
			children = (
				1553A9462A7FF06100B7EF1B /* SingleImageViewController.swift */,
			);
			path = SingleImageViewController;
			sourceTree = "<group>";
		};
		15FBAB7B2AA885E200E62B16 /* Aalert */ = {
			isa = PBXGroup;
			children = (
				15FBAB7C2AA8864900E62B16 /* AlertPresenter.swift */,
				15FBAB7E2AA8865C00E62B16 /* AlertPresenterProtocol.swift */,
				15FBAB802AA8866A00E62B16 /* AlertPresentableDelagate.swift */,
				15FBAB892AA88A7700E62B16 /* AlertModel.swift */,
			);
			path = Aalert;
			sourceTree = "<group>";
		};
		15FBAB822AA886EC00E62B16 /* TabBarView */ = {
			isa = PBXGroup;
			children = (
				15FBAB832AA8870A00E62B16 /* TabBarController.swift */,
				1566490C2AB3881600D85000 /* Struct */,
			);
			path = TabBarView;
			sourceTree = "<group>";
		};
/* End PBXGroup section */

/* Begin PBXNativeTarget section */
		1522F14E2A7590BD00B71A17 /* ImageFeed */ = {
			isa = PBXNativeTarget;
			buildConfigurationList = 1522F1632A7590BE00B71A17 /* Build configuration list for PBXNativeTarget "ImageFeed" */;
			buildPhases = (
				1522F14B2A7590BD00B71A17 /* Sources */,
				1522F14C2A7590BD00B71A17 /* Frameworks */,
				1522F14D2A7590BD00B71A17 /* Resources */,
			);
			buildRules = (
			);
			dependencies = (
			);
			name = ImageFeed;
			packageProductDependencies = (
				15BEE49C2AA75CBE00C77520 /* ProgressHUD */,
				15FBAB712AA876D200E62B16 /* Kingfisher */,
				15FBAB742AA8842500E62B16 /* SwiftKeychainWrapper */,
			);
			productName = ImageFeed;
			productReference = 1522F14F2A7590BD00B71A17 /* ImageFeed.app */;
			productType = "com.apple.product-type.application";
		};
/* End PBXNativeTarget section */

/* Begin PBXProject section */
		1522F1472A7590BD00B71A17 /* Project object */ = {
			isa = PBXProject;
			attributes = {
				BuildIndependentTargetsInParallel = 1;
				LastSwiftUpdateCheck = 1430;
				LastUpgradeCheck = 1430;
				TargetAttributes = {
					1522F14E2A7590BD00B71A17 = {
						CreatedOnToolsVersion = 14.3.1;
					};
				};
			};
			buildConfigurationList = 1522F14A2A7590BD00B71A17 /* Build configuration list for PBXProject "ImageFeed" */;
			compatibilityVersion = "Xcode 14.0";
			developmentRegion = en;
			hasScannedForEncodings = 0;
			knownRegions = (
				en,
				Base,
			);
			mainGroup = 1522F1462A7590BD00B71A17;
			packageReferences = (
				15BEE49B2AA75CBE00C77520 /* XCRemoteSwiftPackageReference "ProgressHUD" */,
				15FBAB702AA876D200E62B16 /* XCRemoteSwiftPackageReference "Kingfisher" */,
				15FBAB732AA8842500E62B16 /* XCRemoteSwiftPackageReference "SwiftKeychainWrapper" */,
			);
			productRefGroup = 1522F1502A7590BD00B71A17 /* Products */;
			projectDirPath = "";
			projectRoot = "";
			targets = (
				1522F14E2A7590BD00B71A17 /* ImageFeed */,
			);
		};
/* End PBXProject section */

/* Begin PBXResourcesBuildPhase section */
		1522F14D2A7590BD00B71A17 /* Resources */ = {
			isa = PBXResourcesBuildPhase;
			buildActionMask = 2147483647;
			files = (
				1522F15F2A7590BE00B71A17 /* LaunchScreen.storyboard in Resources */,
				1522F15C2A7590BE00B71A17 /* Assets.xcassets in Resources */,
				1522F15A2A7590BD00B71A17 /* Main.storyboard in Resources */,
			);
			runOnlyForDeploymentPostprocessing = 0;
		};
/* End PBXResourcesBuildPhase section */

/* Begin PBXSourcesBuildPhase section */
		1522F14B2A7590BD00B71A17 /* Sources */ = {
			isa = PBXSourcesBuildPhase;
			buildActionMask = 2147483647;
			files = (
				1522F1672A75919100B71A17 /* ImagesListViewController.swift in Sources */,
				15FBAB7D2AA8864900E62B16 /* AlertPresenter.swift in Sources */,
				157B30A32A8FA741002A7DDA /* Constans.swift in Sources */,
				1522F1692A7591A100B71A17 /* ImagesListCell.swift in Sources */,
				15FBAB8C2AA88AC900E62B16 /* UIColor.swift in Sources */,
				15FBAB8A2AA88A7700E62B16 /* AlertModel.swift in Sources */,
				15FBAB7F2AA8865C00E62B16 /* AlertPresenterProtocol.swift in Sources */,
				15CE266D2A9FC79800641DE3 /* SplashViewController.swift in Sources */,
				1500A6332A79679F00E37793 /* ProfileViewController.swift in Sources */,
				15FBAB6E2AA85CF300E62B16 /* UserResult.swift in Sources */,
				15CE266A2A9FC5B300641DE3 /* OAuth2TokenStorage.swift in Sources */,
				15CE26762A9FC97A00641DE3 /* URLRequestExtension.swift in Sources */,
				157B30A62A96108C002A7DDA /* AuthViewController.swift in Sources */,
				15CE26782A9FC99700641DE3 /* URLSessionExtension.swift in Sources */,
				15CE26732A9FC8CF00641DE3 /* OAuthTokenResponseBody.swift in Sources */,
				1566490E2AB3883700D85000 /* PhotoResult.swift in Sources */,
				156649102AB3899A00D85000 /* Photo.swift in Sources */,
				15FBAB812AA8866A00E62B16 /* AlertPresentableDelagate.swift in Sources */,
				1522F1532A7590BD00B71A17 /* AppDelegate.swift in Sources */,
				15FBAB862AA888D000E62B16 /* OAuth2TokenResponseBody.swift in Sources */,
				155ECF832AA64CD800DA569C /* RootNavigationController.swift in Sources */,
				1553A9472A7FF06100B7EF1B /* SingleImageViewController.swift in Sources */,
				15CE266F2A9FC82800641DE3 /* AuthViewControllerDelegate.swift in Sources */,
				15FBAB842AA8870A00E62B16 /* TabBarController.swift in Sources */,
				15BEE4A22AA7ADC700C77520 /* ProfileService.swift in Sources */,
				15FBAB8E2AA88AEE00E62B16 /* UIAplicationExtensions.swift in Sources */,
				15FBAB882AA88A0C00E62B16 /* WebViewViewControllerDelegate.swift in Sources */,
				15CE26682A9FC55900641DE3 /* OAuth2Service.swift in Sources */,
				157B30A82A9614A2002A7DDA /* WebViewViewController.swift in Sources */,
				15FBAB6C2AA85C1000E62B16 /* ProfileImageService.swift in Sources */,
				1522F1552A7590BD00B71A17 /* SceneDelegate.swift in Sources */,
				15BEE49F2AA7AC2900C77520 /* UIBlockingProgressHUD.swift in Sources */,
			);
			runOnlyForDeploymentPostprocessing = 0;
		};
/* End PBXSourcesBuildPhase section */

/* Begin PBXVariantGroup section */
		1522F1582A7590BD00B71A17 /* Main.storyboard */ = {
			isa = PBXVariantGroup;
			children = (
				1522F1592A7590BD00B71A17 /* Base */,
			);
			name = Main.storyboard;
			sourceTree = "<group>";
		};
		1522F15D2A7590BE00B71A17 /* LaunchScreen.storyboard */ = {
			isa = PBXVariantGroup;
			children = (
				1522F15E2A7590BE00B71A17 /* Base */,
			);
			name = LaunchScreen.storyboard;
			sourceTree = "<group>";
		};
/* End PBXVariantGroup section */

/* Begin XCBuildConfiguration section */
		1522F1612A7590BE00B71A17 /* Debug */ = {
			isa = XCBuildConfiguration;
			buildSettings = {
				ALWAYS_SEARCH_USER_PATHS = NO;
				CLANG_ANALYZER_NONNULL = YES;
				CLANG_ANALYZER_NUMBER_OBJECT_CONVERSION = YES_AGGRESSIVE;
				CLANG_CXX_LANGUAGE_STANDARD = "gnu++20";
				CLANG_ENABLE_MODULES = YES;
				CLANG_ENABLE_OBJC_ARC = YES;
				CLANG_ENABLE_OBJC_WEAK = YES;
				CLANG_WARN_BLOCK_CAPTURE_AUTORELEASING = YES;
				CLANG_WARN_BOOL_CONVERSION = YES;
				CLANG_WARN_COMMA = YES;
				CLANG_WARN_CONSTANT_CONVERSION = YES;
				CLANG_WARN_DEPRECATED_OBJC_IMPLEMENTATIONS = YES;
				CLANG_WARN_DIRECT_OBJC_ISA_USAGE = YES_ERROR;
				CLANG_WARN_DOCUMENTATION_COMMENTS = YES;
				CLANG_WARN_EMPTY_BODY = YES;
				CLANG_WARN_ENUM_CONVERSION = YES;
				CLANG_WARN_INFINITE_RECURSION = YES;
				CLANG_WARN_INT_CONVERSION = YES;
				CLANG_WARN_NON_LITERAL_NULL_CONVERSION = YES;
				CLANG_WARN_OBJC_IMPLICIT_RETAIN_SELF = YES;
				CLANG_WARN_OBJC_LITERAL_CONVERSION = YES;
				CLANG_WARN_OBJC_ROOT_CLASS = YES_ERROR;
				CLANG_WARN_QUOTED_INCLUDE_IN_FRAMEWORK_HEADER = YES;
				CLANG_WARN_RANGE_LOOP_ANALYSIS = YES;
				CLANG_WARN_STRICT_PROTOTYPES = YES;
				CLANG_WARN_SUSPICIOUS_MOVE = YES;
				CLANG_WARN_UNGUARDED_AVAILABILITY = YES_AGGRESSIVE;
				CLANG_WARN_UNREACHABLE_CODE = YES;
				CLANG_WARN__DUPLICATE_METHOD_MATCH = YES;
				COPY_PHASE_STRIP = NO;
				DEBUG_INFORMATION_FORMAT = dwarf;
				ENABLE_STRICT_OBJC_MSGSEND = YES;
				ENABLE_TESTABILITY = YES;
				GCC_C_LANGUAGE_STANDARD = gnu11;
				GCC_DYNAMIC_NO_PIC = NO;
				GCC_NO_COMMON_BLOCKS = YES;
				GCC_OPTIMIZATION_LEVEL = 0;
				GCC_PREPROCESSOR_DEFINITIONS = (
					"DEBUG=1",
					"$(inherited)",
				);
				GCC_WARN_64_TO_32_BIT_CONVERSION = YES;
				GCC_WARN_ABOUT_RETURN_TYPE = YES_ERROR;
				GCC_WARN_UNDECLARED_SELECTOR = YES;
				GCC_WARN_UNINITIALIZED_AUTOS = YES_AGGRESSIVE;
				GCC_WARN_UNUSED_FUNCTION = YES;
				GCC_WARN_UNUSED_VARIABLE = YES;
				IPHONEOS_DEPLOYMENT_TARGET = 16.4;
				MTL_ENABLE_DEBUG_INFO = INCLUDE_SOURCE;
				MTL_FAST_MATH = YES;
				ONLY_ACTIVE_ARCH = YES;
				SDKROOT = iphoneos;
				SWIFT_ACTIVE_COMPILATION_CONDITIONS = DEBUG;
				SWIFT_OPTIMIZATION_LEVEL = "-Onone";
			};
			name = Debug;
		};
		1522F1622A7590BE00B71A17 /* Release */ = {
			isa = XCBuildConfiguration;
			buildSettings = {
				ALWAYS_SEARCH_USER_PATHS = NO;
				CLANG_ANALYZER_NONNULL = YES;
				CLANG_ANALYZER_NUMBER_OBJECT_CONVERSION = YES_AGGRESSIVE;
				CLANG_CXX_LANGUAGE_STANDARD = "gnu++20";
				CLANG_ENABLE_MODULES = YES;
				CLANG_ENABLE_OBJC_ARC = YES;
				CLANG_ENABLE_OBJC_WEAK = YES;
				CLANG_WARN_BLOCK_CAPTURE_AUTORELEASING = YES;
				CLANG_WARN_BOOL_CONVERSION = YES;
				CLANG_WARN_COMMA = YES;
				CLANG_WARN_CONSTANT_CONVERSION = YES;
				CLANG_WARN_DEPRECATED_OBJC_IMPLEMENTATIONS = YES;
				CLANG_WARN_DIRECT_OBJC_ISA_USAGE = YES_ERROR;
				CLANG_WARN_DOCUMENTATION_COMMENTS = YES;
				CLANG_WARN_EMPTY_BODY = YES;
				CLANG_WARN_ENUM_CONVERSION = YES;
				CLANG_WARN_INFINITE_RECURSION = YES;
				CLANG_WARN_INT_CONVERSION = YES;
				CLANG_WARN_NON_LITERAL_NULL_CONVERSION = YES;
				CLANG_WARN_OBJC_IMPLICIT_RETAIN_SELF = YES;
				CLANG_WARN_OBJC_LITERAL_CONVERSION = YES;
				CLANG_WARN_OBJC_ROOT_CLASS = YES_ERROR;
				CLANG_WARN_QUOTED_INCLUDE_IN_FRAMEWORK_HEADER = YES;
				CLANG_WARN_RANGE_LOOP_ANALYSIS = YES;
				CLANG_WARN_STRICT_PROTOTYPES = YES;
				CLANG_WARN_SUSPICIOUS_MOVE = YES;
				CLANG_WARN_UNGUARDED_AVAILABILITY = YES_AGGRESSIVE;
				CLANG_WARN_UNREACHABLE_CODE = YES;
				CLANG_WARN__DUPLICATE_METHOD_MATCH = YES;
				COPY_PHASE_STRIP = NO;
				DEBUG_INFORMATION_FORMAT = "dwarf-with-dsym";
				ENABLE_NS_ASSERTIONS = NO;
				ENABLE_STRICT_OBJC_MSGSEND = YES;
				GCC_C_LANGUAGE_STANDARD = gnu11;
				GCC_NO_COMMON_BLOCKS = YES;
				GCC_WARN_64_TO_32_BIT_CONVERSION = YES;
				GCC_WARN_ABOUT_RETURN_TYPE = YES_ERROR;
				GCC_WARN_UNDECLARED_SELECTOR = YES;
				GCC_WARN_UNINITIALIZED_AUTOS = YES_AGGRESSIVE;
				GCC_WARN_UNUSED_FUNCTION = YES;
				GCC_WARN_UNUSED_VARIABLE = YES;
				IPHONEOS_DEPLOYMENT_TARGET = 16.4;
				MTL_ENABLE_DEBUG_INFO = NO;
				MTL_FAST_MATH = YES;
				SDKROOT = iphoneos;
				SWIFT_COMPILATION_MODE = wholemodule;
				SWIFT_OPTIMIZATION_LEVEL = "-O";
				VALIDATE_PRODUCT = YES;
			};
			name = Release;
		};
		1522F1642A7590BE00B71A17 /* Debug */ = {
			isa = XCBuildConfiguration;
			buildSettings = {
				ASSETCATALOG_COMPILER_APPICON_NAME = AppIcon;
				ASSETCATALOG_COMPILER_GLOBAL_ACCENT_COLOR_NAME = AccentColor;
				CODE_SIGN_STYLE = Automatic;
				CURRENT_PROJECT_VERSION = 1;
				DEVELOPMENT_TEAM = 256Q882P96;
				GENERATE_INFOPLIST_FILE = YES;
				INFOPLIST_FILE = ImageFeed/Info.plist;
				INFOPLIST_KEY_UIApplicationSupportsIndirectInputEvents = YES;
				INFOPLIST_KEY_UILaunchStoryboardName = LaunchScreen;
				INFOPLIST_KEY_UIMainStoryboardFile = Main;
				INFOPLIST_KEY_UISupportedInterfaceOrientations = UIInterfaceOrientationPortrait;
				IPHONEOS_DEPLOYMENT_TARGET = 13.0;
				LD_RUNPATH_SEARCH_PATHS = (
					"$(inherited)",
					"@executable_path/Frameworks",
				);
				MARKETING_VERSION = 1.0;
				PRODUCT_BUNDLE_IDENTIFIER = ru.yandex.practicum.ImageFeed;
				PRODUCT_NAME = "$(TARGET_NAME)";
				SUPPORTED_PLATFORMS = "iphoneos iphonesimulator";
				SUPPORTS_MACCATALYST = NO;
				SUPPORTS_MAC_DESIGNED_FOR_IPHONE_IPAD = YES;
				SWIFT_EMIT_LOC_STRINGS = YES;
				SWIFT_VERSION = 5.0;
				TARGETED_DEVICE_FAMILY = 1;
			};
			name = Debug;
		};
		1522F1652A7590BE00B71A17 /* Release */ = {
			isa = XCBuildConfiguration;
			buildSettings = {
				ASSETCATALOG_COMPILER_APPICON_NAME = AppIcon;
				ASSETCATALOG_COMPILER_GLOBAL_ACCENT_COLOR_NAME = AccentColor;
				CODE_SIGN_STYLE = Automatic;
				CURRENT_PROJECT_VERSION = 1;
				DEVELOPMENT_TEAM = 256Q882P96;
				GENERATE_INFOPLIST_FILE = YES;
				INFOPLIST_FILE = ImageFeed/Info.plist;
				INFOPLIST_KEY_UIApplicationSupportsIndirectInputEvents = YES;
				INFOPLIST_KEY_UILaunchStoryboardName = LaunchScreen;
				INFOPLIST_KEY_UIMainStoryboardFile = Main;
				INFOPLIST_KEY_UISupportedInterfaceOrientations = UIInterfaceOrientationPortrait;
				IPHONEOS_DEPLOYMENT_TARGET = 13.0;
				LD_RUNPATH_SEARCH_PATHS = (
					"$(inherited)",
					"@executable_path/Frameworks",
				);
				MARKETING_VERSION = 1.0;
				PRODUCT_BUNDLE_IDENTIFIER = ru.yandex.practicum.ImageFeed;
				PRODUCT_NAME = "$(TARGET_NAME)";
				SUPPORTED_PLATFORMS = "iphoneos iphonesimulator";
				SUPPORTS_MACCATALYST = NO;
				SUPPORTS_MAC_DESIGNED_FOR_IPHONE_IPAD = YES;
				SWIFT_EMIT_LOC_STRINGS = YES;
				SWIFT_VERSION = 5.0;
				TARGETED_DEVICE_FAMILY = 1;
			};
			name = Release;
		};
/* End XCBuildConfiguration section */

/* Begin XCConfigurationList section */
		1522F14A2A7590BD00B71A17 /* Build configuration list for PBXProject "ImageFeed" */ = {
			isa = XCConfigurationList;
			buildConfigurations = (
				1522F1612A7590BE00B71A17 /* Debug */,
				1522F1622A7590BE00B71A17 /* Release */,
			);
			defaultConfigurationIsVisible = 0;
			defaultConfigurationName = Release;
		};
		1522F1632A7590BE00B71A17 /* Build configuration list for PBXNativeTarget "ImageFeed" */ = {
			isa = XCConfigurationList;
			buildConfigurations = (
				1522F1642A7590BE00B71A17 /* Debug */,
				1522F1652A7590BE00B71A17 /* Release */,
			);
			defaultConfigurationIsVisible = 0;
			defaultConfigurationName = Release;
		};
/* End XCConfigurationList section */

/* Begin XCRemoteSwiftPackageReference section */
		15BEE49B2AA75CBE00C77520 /* XCRemoteSwiftPackageReference "ProgressHUD" */ = {
			isa = XCRemoteSwiftPackageReference;
			repositoryURL = "https://github.com/relatedcode/ProgressHUD";
			requirement = {
				kind = upToNextMajorVersion;
				minimumVersion = 13.0.0;
			};
		};
		15FBAB702AA876D200E62B16 /* XCRemoteSwiftPackageReference "Kingfisher" */ = {
			isa = XCRemoteSwiftPackageReference;
			repositoryURL = "https://github.com/onevcat/Kingfisher";
			requirement = {
				kind = upToNextMajorVersion;
				minimumVersion = 7.0.0;
			};
		};
		15FBAB732AA8842500E62B16 /* XCRemoteSwiftPackageReference "SwiftKeychainWrapper" */ = {
			isa = XCRemoteSwiftPackageReference;
			repositoryURL = "https://github.com/jrendel/SwiftKeychainWrapper";
			requirement = {
				kind = upToNextMajorVersion;
				minimumVersion = 4.0.0;
			};
		};
/* End XCRemoteSwiftPackageReference section */

/* Begin XCSwiftPackageProductDependency section */
		15BEE49C2AA75CBE00C77520 /* ProgressHUD */ = {
			isa = XCSwiftPackageProductDependency;
			package = 15BEE49B2AA75CBE00C77520 /* XCRemoteSwiftPackageReference "ProgressHUD" */;
			productName = ProgressHUD;
		};
		15FBAB712AA876D200E62B16 /* Kingfisher */ = {
			isa = XCSwiftPackageProductDependency;
			package = 15FBAB702AA876D200E62B16 /* XCRemoteSwiftPackageReference "Kingfisher" */;
			productName = Kingfisher;
		};
		15FBAB742AA8842500E62B16 /* SwiftKeychainWrapper */ = {
			isa = XCSwiftPackageProductDependency;
			package = 15FBAB732AA8842500E62B16 /* XCRemoteSwiftPackageReference "SwiftKeychainWrapper" */;
			productName = SwiftKeychainWrapper;
		};
/* End XCSwiftPackageProductDependency section */
	};
	rootObject = 1522F1472A7590BD00B71A17 /* Project object */;
}
